
Microsoft Visual Studio Solution File, Format Version 12.00
# Visual Studio 15
VisualStudioVersion = 15.0.27703.2035
MinimumVisualStudioVersion = 10.0.40219.1
Project("{FAE04EC0-301F-11D3-BF4B-00C04F79EFBC}") = "WebAppTWID", "WebAppTWID\WebAppTWID.csproj", "{03CD068C-4866-47F0-8437-C96A6064E5CC}"
EndProject
Project("{FAE04EC0-301F-11D3-BF4B-00C04F79EFBC}") = "DBHelper", "DBHelper\DBHelper.csproj", "{C313F9D9-0C96-4471-A266-A860D9C07C48}"
EndProject
Global
	GlobalSection(SolutionConfigurationPlatforms) = preSolution
		Debug|Any CPU = Debug|Any CPU
		Release|Any CPU = Release|Any CPU
	EndGlobalSection
	GlobalSection(ProjectConfigurationPlatforms) = postSolution
		{03CD068C-4866-47F0-8437-C96A6064E5CC}.Debug|Any CPU.ActiveCfg = Debug|Any CPU
		{03CD068C-4866-47F0-8437-C96A6064E5CC}.Debug|Any CPU.Build.0 = Debug|Any CPU
		{03CD068C-4866-47F0-8437-C96A6064E5CC}.Release|Any CPU.ActiveCfg = Release|Any CPU
		{03CD068C-4866-47F0-8437-C96A6064E5CC}.Release|Any CPU.Build.0 = Release|Any CPU
		{C313F9D9-0C96-4471-A266-A860D9C07C48}.Debug|Any CPU.ActiveCfg = Debug|Any CPU
		{C313F9D9-0C96-4471-A266-A860D9C07C48}.Debug|Any CPU.Build.0 = Debug|Any CPU
		{C313F9D9-0C96-4471-A266-A860D9C07C48}.Release|Any CPU.ActiveCfg = Release|Any CPU
		{C313F9D9-0C96-4471-A266-A860D9C07C48}.Release|Any CPU.Build.0 = Release|Any CPU
	EndGlobalSection
	GlobalSection(SolutionProperties) = preSolution
		HideSolutionNode = FALSE
	EndGlobalSection
	GlobalSection(ExtensibilityGlobals) = postSolution
		SolutionGuid = {DC13F01A-5594-4D64-8877-4ECAF0D84762}
	EndGlobalSection
EndGlobal
